
Microsoft Visual Studio Solution File, Format Version 12.00
# Visual Studio Version 17
VisualStudioVersion = 17.14.36511.14 d17.14
MinimumVisualStudioVersion = 10.0.40219.1
Project("{FAE04EC0-301F-11D3-BF4B-00C04F79EFBC}") = "P1_GestionListaMusical", "P1_GestionListaMusical\P1_GestionListaMusical.csproj", "{7681888D-DD0E-4EF7-B30E-DD5AF6993847}"
EndProject
Global
	GlobalSection(SolutionConfigurationPlatforms) = preSolution
		Debug|Any CPU = Debug|Any CPU
		Release|Any CPU = Release|Any CPU
	EndGlobalSection
	GlobalSection(ProjectConfigurationPlatforms) = postSolution
		{7681888D-DD0E-4EF7-B30E-DD5AF6993847}.Debug|Any CPU.ActiveCfg = Debug|Any CPU
		{7681888D-DD0E-4EF7-B30E-DD5AF6993847}.Debug|Any CPU.Build.0 = Debug|Any CPU
		{7681888D-DD0E-4EF7-B30E-DD5AF6993847}.Release|Any CPU.ActiveCfg = Release|Any CPU
		{7681888D-DD0E-4EF7-B30E-DD5AF6993847}.Release|Any CPU.Build.0 = Release|Any CPU
	EndGlobalSection
	GlobalSection(SolutionProperties) = preSolution
		HideSolutionNode = FALSE
	EndGlobalSection
	GlobalSection(ExtensibilityGlobals) = postSolution
		SolutionGuid = {F2A81219-AF5E-4C25-8A83-43030775952F}
	EndGlobalSection
EndGlobal
